
Microsoft Visual Studio Solution File, Format Version 12.00
# Visual Studio Version 17
VisualStudioVersion = 17.5.33627.172
MinimumVisualStudioVersion = 10.0.40219.1
Project("{FAE04EC0-301F-11D3-BF4B-00C04F79EFBC}") = "AcumaticaDummyProcessingCenter", "AcumaticaDummyProcessingCenter\AcumaticaDummyProcessingCenter.csproj", "{9BC6D61A-5D4B-4D57-BC6B-5E3F9D04377E}"
EndProject
Project("{9A19103F-16F7-4668-BE54-9A1E7A4F7556}") = "Acumatica.ADPCGateway", "..\..\Users\evgeny.afanasiev\source\repos\AcumaticaRESTAPIClientForCSharp\Acumatica.ADPCGateway\Acumatica.ADPCGateway.csproj", "{A616E47D-D21D-4632-97DC-BBF3D9174970}"
EndProject
Project("{9A19103F-16F7-4668-BE54-9A1E7A4F7556}") = "Acumatica.RESTClient", "..\..\Users\evgeny.afanasiev\source\repos\AcumaticaRESTAPIClientForCSharp\Acumatica.RESTClient\Acumatica.RESTClient.csproj", "{01DBF8F8-D139-4B8E-A878-29EBDCF4F539}"
EndProject
Project("{9A19103F-16F7-4668-BE54-9A1E7A4F7556}") = "Acumatica.RESTClient.ContractBasedApi", "..\..\Users\evgeny.afanasiev\source\repos\AcumaticaRESTAPIClientForCSharp\Acumatica.RESTClient.ContractBasedApi\Acumatica.RESTClient.ContractBasedApi.csproj", "{A5AD096D-1D31-400A-AE68-0BCF07BF90E2}"
EndProject
Project("{FAE04EC0-301F-11D3-BF4B-00C04F79EFBC}") = "AcumaticaDummyCreditCardPlugin", "AcumaticaDummyCreditCardPlugin\AcumaticaDummyCreditCardPlugin.csproj", "{B10A2700-9CD2-4BE0-83E1-7676BD1BE30B}"
EndProject
Global
	GlobalSection(SolutionConfigurationPlatforms) = preSolution
		Debug|Any CPU = Debug|Any CPU
		Release|Any CPU = Release|Any CPU
	EndGlobalSection
	GlobalSection(ProjectConfigurationPlatforms) = postSolution
		{9BC6D61A-5D4B-4D57-BC6B-5E3F9D04377E}.Debug|Any CPU.ActiveCfg = Debug|Any CPU
		{9BC6D61A-5D4B-4D57-BC6B-5E3F9D04377E}.Debug|Any CPU.Build.0 = Debug|Any CPU
		{9BC6D61A-5D4B-4D57-BC6B-5E3F9D04377E}.Release|Any CPU.ActiveCfg = Release|Any CPU
		{9BC6D61A-5D4B-4D57-BC6B-5E3F9D04377E}.Release|Any CPU.Build.0 = Release|Any CPU
		{A616E47D-D21D-4632-97DC-BBF3D9174970}.Debug|Any CPU.ActiveCfg = Debug|Any CPU
		{A616E47D-D21D-4632-97DC-BBF3D9174970}.Debug|Any CPU.Build.0 = Debug|Any CPU
		{A616E47D-D21D-4632-97DC-BBF3D9174970}.Release|Any CPU.ActiveCfg = Release|Any CPU
		{A616E47D-D21D-4632-97DC-BBF3D9174970}.Release|Any CPU.Build.0 = Release|Any CPU
		{01DBF8F8-D139-4B8E-A878-29EBDCF4F539}.Debug|Any CPU.ActiveCfg = Debug|Any CPU
		{01DBF8F8-D139-4B8E-A878-29EBDCF4F539}.Debug|Any CPU.Build.0 = Debug|Any CPU
		{01DBF8F8-D139-4B8E-A878-29EBDCF4F539}.Release|Any CPU.ActiveCfg = Release|Any CPU
		{01DBF8F8-D139-4B8E-A878-29EBDCF4F539}.Release|Any CPU.Build.0 = Release|Any CPU
		{A5AD096D-1D31-400A-AE68-0BCF07BF90E2}.Debug|Any CPU.ActiveCfg = Debug|Any CPU
		{A5AD096D-1D31-400A-AE68-0BCF07BF90E2}.Debug|Any CPU.Build.0 = Debug|Any CPU
		{A5AD096D-1D31-400A-AE68-0BCF07BF90E2}.Release|Any CPU.ActiveCfg = Release|Any CPU
		{A5AD096D-1D31-400A-AE68-0BCF07BF90E2}.Release|Any CPU.Build.0 = Release|Any CPU
		{B10A2700-9CD2-4BE0-83E1-7676BD1BE30B}.Debug|Any CPU.ActiveCfg = Debug|Any CPU
		{B10A2700-9CD2-4BE0-83E1-7676BD1BE30B}.Debug|Any CPU.Build.0 = Debug|Any CPU
		{B10A2700-9CD2-4BE0-83E1-7676BD1BE30B}.Release|Any CPU.ActiveCfg = Release|Any CPU
		{B10A2700-9CD2-4BE0-83E1-7676BD1BE30B}.Release|Any CPU.Build.0 = Release|Any CPU
	EndGlobalSection
	GlobalSection(SolutionProperties) = preSolution
		HideSolutionNode = FALSE
	EndGlobalSection
	GlobalSection(ExtensibilityGlobals) = postSolution
		SolutionGuid = {F8735FF2-8611-413D-8A7B-FFC8D04A79F7}
	EndGlobalSection
EndGlobal
